
Microsoft Visual Studio Solution File, Format Version 12.00
# Visual Studio Version 17
VisualStudioVersion = 17.8.34316.72
MinimumVisualStudioVersion = 10.0.40219.1
Project("{9A19103F-16F7-4668-BE54-9A1E7A4F7556}") = "Day1", "Day1\Day1.csproj", "{113E9B20-A701-4855-B382-C807B4EF72FF}"
EndProject
Project("{9A19103F-16F7-4668-BE54-9A1E7A4F7556}") = "Day2", "Day2\Day2.csproj", "{2985C29B-CD3F-4156-9126-233E9FBB6F2F}"
EndProject
Project("{9A19103F-16F7-4668-BE54-9A1E7A4F7556}") = "Day3", "Day3\Day3.csproj", "{AFDBE134-2AAF-4D95-960F-2ABA0F52F805}"
EndProject
Project("{9A19103F-16F7-4668-BE54-9A1E7A4F7556}") = "Day4", "Day4\Day4.csproj", "{8DE1C76B-A2C8-444F-AE76-F2AAC18B9D3B}"
EndProject
Project("{FAE04EC0-301F-11D3-BF4B-00C04F79EFBC}") = "Day5", "Day5\Day5.csproj", "{5F7840B1-EBE8-4527-B8C1-41918D40AB00}"
EndProject
Project("{FAE04EC0-301F-11D3-BF4B-00C04F79EFBC}") = "Day6", "Day6\Day6.csproj", "{2A5A3B23-2523-4DE2-9D09-CF7583BC58E2}"
EndProject
Global
	GlobalSection(SolutionConfigurationPlatforms) = preSolution
		Debug|Any CPU = Debug|Any CPU
		Release|Any CPU = Release|Any CPU
	EndGlobalSection
	GlobalSection(ProjectConfigurationPlatforms) = postSolution
		{113E9B20-A701-4855-B382-C807B4EF72FF}.Debug|Any CPU.ActiveCfg = Debug|Any CPU
		{113E9B20-A701-4855-B382-C807B4EF72FF}.Debug|Any CPU.Build.0 = Debug|Any CPU
		{113E9B20-A701-4855-B382-C807B4EF72FF}.Release|Any CPU.ActiveCfg = Release|Any CPU
		{113E9B20-A701-4855-B382-C807B4EF72FF}.Release|Any CPU.Build.0 = Release|Any CPU
		{2985C29B-CD3F-4156-9126-233E9FBB6F2F}.Debug|Any CPU.ActiveCfg = Debug|Any CPU
		{2985C29B-CD3F-4156-9126-233E9FBB6F2F}.Debug|Any CPU.Build.0 = Debug|Any CPU
		{2985C29B-CD3F-4156-9126-233E9FBB6F2F}.Release|Any CPU.ActiveCfg = Release|Any CPU
		{2985C29B-CD3F-4156-9126-233E9FBB6F2F}.Release|Any CPU.Build.0 = Release|Any CPU
		{AFDBE134-2AAF-4D95-960F-2ABA0F52F805}.Debug|Any CPU.ActiveCfg = Debug|Any CPU
		{AFDBE134-2AAF-4D95-960F-2ABA0F52F805}.Debug|Any CPU.Build.0 = Debug|Any CPU
		{AFDBE134-2AAF-4D95-960F-2ABA0F52F805}.Release|Any CPU.ActiveCfg = Release|Any CPU
		{AFDBE134-2AAF-4D95-960F-2ABA0F52F805}.Release|Any CPU.Build.0 = Release|Any CPU
		{8DE1C76B-A2C8-444F-AE76-F2AAC18B9D3B}.Debug|Any CPU.ActiveCfg = Debug|Any CPU
		{8DE1C76B-A2C8-444F-AE76-F2AAC18B9D3B}.Debug|Any CPU.Build.0 = Debug|Any CPU
		{8DE1C76B-A2C8-444F-AE76-F2AAC18B9D3B}.Release|Any CPU.ActiveCfg = Release|Any CPU
		{8DE1C76B-A2C8-444F-AE76-F2AAC18B9D3B}.Release|Any CPU.Build.0 = Release|Any CPU
		{5F7840B1-EBE8-4527-B8C1-41918D40AB00}.Debug|Any CPU.ActiveCfg = Debug|Any CPU
		{5F7840B1-EBE8-4527-B8C1-41918D40AB00}.Debug|Any CPU.Build.0 = Debug|Any CPU
		{5F7840B1-EBE8-4527-B8C1-41918D40AB00}.Release|Any CPU.ActiveCfg = Release|Any CPU
		{5F7840B1-EBE8-4527-B8C1-41918D40AB00}.Release|Any CPU.Build.0 = Release|Any CPU
		{2A5A3B23-2523-4DE2-9D09-CF7583BC58E2}.Debug|Any CPU.ActiveCfg = Debug|Any CPU
		{2A5A3B23-2523-4DE2-9D09-CF7583BC58E2}.Debug|Any CPU.Build.0 = Debug|Any CPU
		{2A5A3B23-2523-4DE2-9D09-CF7583BC58E2}.Release|Any CPU.ActiveCfg = Release|Any CPU
		{2A5A3B23-2523-4DE2-9D09-CF7583BC58E2}.Release|Any CPU.Build.0 = Release|Any CPU
	EndGlobalSection
	GlobalSection(SolutionProperties) = preSolution
		HideSolutionNode = FALSE
	EndGlobalSection
	GlobalSection(ExtensibilityGlobals) = postSolution
		SolutionGuid = {37D781FB-00B0-4712-859C-DF7EC4452B9B}
	EndGlobalSection
EndGlobal
